
Microsoft Visual Studio Solution File, Format Version 12.00
Project("{FAE04EC0-301F-11D3-BF4B-00C04F79EFBC}") = "Grimm", "Grimm\Grimm.csproj", "{70C0ED02-E580-44E8-AAE9-AF08048DF041}"
EndProject
Project("{FAE04EC0-301F-11D3-BF4B-00C04F79EFBC}") = "Grimm.Tests", "Grimm.Tests\Grimm.Tests.csproj", "{DDE61F62-EEBF-4B15-86FA-C49932DE8841}"
EndProject
Global
	GlobalSection(SolutionConfigurationPlatforms) = preSolution
		Debug|Any CPU = Debug|Any CPU
		Release|Any CPU = Release|Any CPU
	EndGlobalSection
	GlobalSection(ProjectConfigurationPlatforms) = postSolution
		{70C0ED02-E580-44E8-AAE9-AF08048DF041}.Debug|Any CPU.ActiveCfg = Debug|Any CPU
		{70C0ED02-E580-44E8-AAE9-AF08048DF041}.Debug|Any CPU.Build.0 = Debug|Any CPU
		{70C0ED02-E580-44E8-AAE9-AF08048DF041}.Release|Any CPU.ActiveCfg = Release|Any CPU
		{70C0ED02-E580-44E8-AAE9-AF08048DF041}.Release|Any CPU.Build.0 = Release|Any CPU
		{DDE61F62-EEBF-4B15-86FA-C49932DE8841}.Debug|Any CPU.ActiveCfg = Debug|Any CPU
		{DDE61F62-EEBF-4B15-86FA-C49932DE8841}.Debug|Any CPU.Build.0 = Debug|Any CPU
		{DDE61F62-EEBF-4B15-86FA-C49932DE8841}.Release|Any CPU.ActiveCfg = Release|Any CPU
		{DDE61F62-EEBF-4B15-86FA-C49932DE8841}.Release|Any CPU.Build.0 = Release|Any CPU
	EndGlobalSection
	GlobalSection(NestedProjects) = preSolution
	EndGlobalSection
EndGlobal
